
Microsoft Visual Studio Solution File, Format Version 12.00
# Visual Studio 14
VisualStudioVersion = 14.0.25123.0
MinimumVisualStudioVersion = 10.0.40219.1
Project("{FAE04EC0-301F-11D3-BF4B-00C04F79EFBC}") = "Pretzel.SimilarPosts", "Pretzel.SimilarPosts\Pretzel.SimilarPosts.csproj", "{B740C151-3692-4965-AB32-5557F8E50A88}"
EndProject
Project("{FAE04EC0-301F-11D3-BF4B-00C04F79EFBC}") = "Pretzel.Logic", "..\pretzel\src\Pretzel.Logic\Pretzel.Logic.csproj", "{F2E6664D-75AC-4830-8A55-E572027DF710}"
EndProject
Global
	GlobalSection(SolutionConfigurationPlatforms) = preSolution
		Debug|Any CPU = Debug|Any CPU
		Release|Any CPU = Release|Any CPU
	EndGlobalSection
	GlobalSection(ProjectConfigurationPlatforms) = postSolution
		{B740C151-3692-4965-AB32-5557F8E50A88}.Debug|Any CPU.ActiveCfg = Debug|Any CPU
		{B740C151-3692-4965-AB32-5557F8E50A88}.Debug|Any CPU.Build.0 = Debug|Any CPU
		{B740C151-3692-4965-AB32-5557F8E50A88}.Release|Any CPU.ActiveCfg = Release|Any CPU
		{B740C151-3692-4965-AB32-5557F8E50A88}.Release|Any CPU.Build.0 = Release|Any CPU
		{F2E6664D-75AC-4830-8A55-E572027DF710}.Debug|Any CPU.ActiveCfg = Debug|Any CPU
		{F2E6664D-75AC-4830-8A55-E572027DF710}.Debug|Any CPU.Build.0 = Debug|Any CPU
		{F2E6664D-75AC-4830-8A55-E572027DF710}.Release|Any CPU.ActiveCfg = Release|Any CPU
		{F2E6664D-75AC-4830-8A55-E572027DF710}.Release|Any CPU.Build.0 = Release|Any CPU
	EndGlobalSection
	GlobalSection(SolutionProperties) = preSolution
		HideSolutionNode = FALSE
	EndGlobalSection
EndGlobal
